// !$*UTF8*$!
{
	archiveVersion = 1;
	classes = {
	};
	objectVersion = 46;
	objects = {

/* Begin PBXBuildFile section */
		27D79C3E1AC9A86300D2315B /* main.m in Sources */ = {isa = PBXBuildFile; fileRef = 27D79C3D1AC9A86300D2315B /* main.m */; };
		27D79C411AC9A86300D2315B /* AppDelegate.m in Sources */ = {isa = PBXBuildFile; fileRef = 27D79C401AC9A86300D2315B /* AppDelegate.m */; };
		27D79C441AC9A86300D2315B /* ViewController.m in Sources */ = {isa = PBXBuildFile; fileRef = 27D79C431AC9A86300D2315B /* ViewController.m */; };
		27D79C471AC9A86300D2315B /* Main.storyboard in Resources */ = {isa = PBXBuildFile; fileRef = 27D79C451AC9A86300D2315B /* Main.storyboard */; };
		27D79C491AC9A86300D2315B /* Images.xcassets in Resources */ = {isa = PBXBuildFile; fileRef = 27D79C481AC9A86300D2315B /* Images.xcassets */; };
		27D79C4C1AC9A86300D2315B /* LaunchScreen.xib in Resources */ = {isa = PBXBuildFile; fileRef = 27D79C4A1AC9A86300D2315B /* LaunchScreen.xib */; };
		27D79C581AC9A86300D2315B /* BitRiseTestTests.m in Sources */ = {isa = PBXBuildFile; fileRef = 27D79C571AC9A86300D2315B /* BitRiseTestTests.m */; };
		C0E6F3C43F5495EA0A46C799 /* libPods-BitRiseTest.a in Frameworks */ = {isa = PBXBuildFile; fileRef = 1ACB620C58F5BEABBA594785 /* libPods-BitRiseTest.a */; };
/* End PBXBuildFile section */

/* Begin PBXContainerItemProxy section */
		27D79C521AC9A86300D2315B /* PBXContainerItemProxy */ = {
			isa = PBXContainerItemProxy;
			containerPortal = 27D79C301AC9A86300D2315B /* Project object */;
			proxyType = 1;
			remoteGlobalIDString = 27D79C371AC9A86300D2315B;
			remoteInfo = BitRiseTest;
		};
/* End PBXContainerItemProxy section */

/* Begin PBXFileReference section */
		1ACB620C58F5BEABBA594785 /* libPods-BitRiseTest.a */ = {isa = PBXFileReference; explicitFileType = archive.ar; includeInIndex = 0; path = "libPods-BitRiseTest.a"; sourceTree = BUILT_PRODUCTS_DIR; };
		27D79C381AC9A86300D2315B /* BitRiseTest.app */ = {isa = PBXFileReference; explicitFileType = wrapper.application; includeInIndex = 0; path = BitRiseTest.app; sourceTree = BUILT_PRODUCTS_DIR; };
		27D79C3C1AC9A86300D2315B /* Info.plist */ = {isa = PBXFileReference; lastKnownFileType = text.plist.xml; path = Info.plist; sourceTree = "<group>"; };
		27D79C3D1AC9A86300D2315B /* main.m */ = {isa = PBXFileReference; lastKnownFileType = sourcecode.c.objc; path = main.m; sourceTree = "<group>"; };
		27D79C3F1AC9A86300D2315B /* AppDelegate.h */ = {isa = PBXFileReference; lastKnownFileType = sourcecode.c.h; path = AppDelegate.h; sourceTree = "<group>"; };
		27D79C401AC9A86300D2315B /* AppDelegate.m */ = {isa = PBXFileReference; lastKnownFileType = sourcecode.c.objc; path = AppDelegate.m; sourceTree = "<group>"; };
		27D79C421AC9A86300D2315B /* ViewController.h */ = {isa = PBXFileReference; lastKnownFileType = sourcecode.c.h; path = ViewController.h; sourceTree = "<group>"; };
		27D79C431AC9A86300D2315B /* ViewController.m */ = {isa = PBXFileReference; lastKnownFileType = sourcecode.c.objc; path = ViewController.m; sourceTree = "<group>"; };
		27D79C461AC9A86300D2315B /* Base */ = {isa = PBXFileReference; lastKnownFileType = file.storyboard; name = Base; path = Base.lproj/Main.storyboard; sourceTree = "<group>"; };
		27D79C481AC9A86300D2315B /* Images.xcassets */ = {isa = PBXFileReference; lastKnownFileType = folder.assetcatalog; path = Images.xcassets; sourceTree = "<group>"; };
		27D79C4B1AC9A86300D2315B /* Base */ = {isa = PBXFileReference; lastKnownFileType = file.xib; name = Base; path = Base.lproj/LaunchScreen.xib; sourceTree = "<group>"; };
		27D79C511AC9A86300D2315B /* BitRiseTestTests.xctest */ = {isa = PBXFileReference; explicitFileType = wrapper.cfbundle; includeInIndex = 0; path = BitRiseTestTests.xctest; sourceTree = BUILT_PRODUCTS_DIR; };
		27D79C561AC9A86300D2315B /* Info.plist */ = {isa = PBXFileReference; lastKnownFileType = text.plist.xml; path = Info.plist; sourceTree = "<group>"; };
		27D79C571AC9A86300D2315B /* BitRiseTestTests.m */ = {isa = PBXFileReference; lastKnownFileType = sourcecode.c.objc; path = BitRiseTestTests.m; sourceTree = "<group>"; };
		653DB1B63D9C7B29CC323268 /* Pods-BitRiseTest.debug.xcconfig */ = {isa = PBXFileReference; includeInIndex = 1; lastKnownFileType = text.xcconfig; name = "Pods-BitRiseTest.debug.xcconfig"; path = "Pods/Target Support Files/Pods-BitRiseTest/Pods-BitRiseTest.debug.xcconfig"; sourceTree = "<group>"; };
		A5F49CB14153563ACEEE73B5 /* Pods-BitRiseTest.release.xcconfig */ = {isa = PBXFileReference; includeInIndex = 1; lastKnownFileType = text.xcconfig; name = "Pods-BitRiseTest.release.xcconfig"; path = "Pods/Target Support Files/Pods-BitRiseTest/Pods-BitRiseTest.release.xcconfig"; sourceTree = "<group>"; };
/* End PBXFileReference section */

/* Begin PBXFrameworksBuildPhase section */
		27D79C351AC9A86300D2315B /* Frameworks */ = {
			isa = PBXFrameworksBuildPhase;
			buildActionMask = 2147483647;
			files = (
				C0E6F3C43F5495EA0A46C799 /* libPods-BitRiseTest.a in Frameworks */,
			);
			runOnlyForDeploymentPostprocessing = 0;
		};
		27D79C4E1AC9A86300D2315B /* Frameworks */ = {
			isa = PBXFrameworksBuildPhase;
			buildActionMask = 2147483647;
			files = (
			);
			runOnlyForDeploymentPostprocessing = 0;
		};
/* End PBXFrameworksBuildPhase section */

/* Begin PBXGroup section */
		27D79C2F1AC9A86300D2315B = {
			isa = PBXGroup;
			children = (
				27D79C3A1AC9A86300D2315B /* BitRiseTest */,
				27D79C541AC9A86300D2315B /* BitRiseTestTests */,
				27D79C391AC9A86300D2315B /* Products */,
				E9C870481C8DB3F6DE0205C0 /* Pods */,
				7339E6131EB62E9CCD50B330 /* Frameworks */,
			);
			sourceTree = "<group>";
		};
		27D79C391AC9A86300D2315B /* Products */ = {
			isa = PBXGroup;
			children = (
				27D79C381AC9A86300D2315B /* BitRiseTest.app */,
				27D79C511AC9A86300D2315B /* BitRiseTestTests.xctest */,
			);
			name = Products;
			sourceTree = "<group>";
		};
		27D79C3A1AC9A86300D2315B /* BitRiseTest */ = {
			isa = PBXGroup;
			children = (
				27D79C3F1AC9A86300D2315B /* AppDelegate.h */,
				27D79C401AC9A86300D2315B /* AppDelegate.m */,
				27D79C421AC9A86300D2315B /* ViewController.h */,
				27D79C431AC9A86300D2315B /* ViewController.m */,
				27D79C451AC9A86300D2315B /* Main.storyboard */,
				27D79C481AC9A86300D2315B /* Images.xcassets */,
				27D79C4A1AC9A86300D2315B /* LaunchScreen.xib */,
				27D79C3B1AC9A86300D2315B /* Supporting Files */,
			);
			path = BitRiseTest;
			sourceTree = "<group>";
		};
		27D79C3B1AC9A86300D2315B /* Supporting Files */ = {
			isa = PBXGroup;
			children = (
				27D79C3C1AC9A86300D2315B /* Info.plist */,
				27D79C3D1AC9A86300D2315B /* main.m */,
			);
			name = "Supporting Files";
			sourceTree = "<group>";
		};
		27D79C541AC9A86300D2315B /* BitRiseTestTests */ = {
			isa = PBXGroup;
			children = (
				27D79C571AC9A86300D2315B /* BitRiseTestTests.m */,
				27D79C551AC9A86300D2315B /* Supporting Files */,
			);
			path = BitRiseTestTests;
			sourceTree = "<group>";
		};
		27D79C551AC9A86300D2315B /* Supporting Files */ = {
			isa = PBXGroup;
			children = (
				27D79C561AC9A86300D2315B /* Info.plist */,
			);
			name = "Supporting Files";
			sourceTree = "<group>";
		};
		7339E6131EB62E9CCD50B330 /* Frameworks */ = {
			isa = PBXGroup;
			children = (
				1ACB620C58F5BEABBA594785 /* libPods-BitRiseTest.a */,
			);
			name = Frameworks;
			sourceTree = "<group>";
		};
		E9C870481C8DB3F6DE0205C0 /* Pods */ = {
			isa = PBXGroup;
			children = (
				653DB1B63D9C7B29CC323268 /* Pods-BitRiseTest.debug.xcconfig */,
				A5F49CB14153563ACEEE73B5 /* Pods-BitRiseTest.release.xcconfig */,
			);
			name = Pods;
			sourceTree = "<group>";
		};
/* End PBXGroup section */

/* Begin PBXNativeTarget section */
		27D79C371AC9A86300D2315B /* BitRiseTest */ = {
			isa = PBXNativeTarget;
			buildConfigurationList = 27D79C5B1AC9A86300D2315B /* Build configuration list for PBXNativeTarget "BitRiseTest" */;
			buildPhases = (
				C46FFB7A710D9CE13EEF3882 /* Check Pods Manifest.lock */,
				27D79C341AC9A86300D2315B /* Sources */,
				27D79C351AC9A86300D2315B /* Frameworks */,
				27D79C361AC9A86300D2315B /* Resources */,
				C31D1B23FD4145EAEF833DE8 /* Copy Pods Resources */,
			);
			buildRules = (
			);
			dependencies = (
			);
			name = BitRiseTest;
			productName = BitRiseTest;
			productReference = 27D79C381AC9A86300D2315B /* BitRiseTest.app */;
			productType = "com.apple.product-type.application";
		};
		27D79C501AC9A86300D2315B /* BitRiseTestTests */ = {
			isa = PBXNativeTarget;
			buildConfigurationList = 27D79C5E1AC9A86300D2315B /* Build configuration list for PBXNativeTarget "BitRiseTestTests" */;
			buildPhases = (
				27D79C4D1AC9A86300D2315B /* Sources */,
				27D79C4E1AC9A86300D2315B /* Frameworks */,
				27D79C4F1AC9A86300D2315B /* Resources */,
			);
			buildRules = (
			);
			dependencies = (
				27D79C531AC9A86300D2315B /* PBXTargetDependency */,
			);
			name = BitRiseTestTests;
			productName = BitRiseTestTests;
			productReference = 27D79C511AC9A86300D2315B /* BitRiseTestTests.xctest */;
			productType = "com.apple.product-type.bundle.unit-test";
		};
/* End PBXNativeTarget section */

/* Begin PBXProject section */
		27D79C301AC9A86300D2315B /* Project object */ = {
			isa = PBXProject;
			attributes = {
				LastUpgradeCheck = 0620;
				ORGANIZATIONNAME = "Michael Voong";
				TargetAttributes = {
					27D79C371AC9A86300D2315B = {
						CreatedOnToolsVersion = 6.2;
					};
					27D79C501AC9A86300D2315B = {
						CreatedOnToolsVersion = 6.2;
						TestTargetID = 27D79C371AC9A86300D2315B;
					};
				};
			};
			buildConfigurationList = 27D79C331AC9A86300D2315B /* Build configuration list for PBXProject "BitRiseTest" */;
			compatibilityVersion = "Xcode 3.2";
			developmentRegion = English;
			hasScannedForEncodings = 0;
			knownRegions = (
				en,
				Base,
			);
			mainGroup = 27D79C2F1AC9A86300D2315B;
			productRefGroup = 27D79C391AC9A86300D2315B /* Products */;
			projectDirPath = "";
			projectRoot = "";
			targets = (
				27D79C371AC9A86300D2315B /* BitRiseTest */,
				27D79C501AC9A86300D2315B /* BitRiseTestTests */,
			);
		};
/* End PBXProject section */

/* Begin PBXResourcesBuildPhase section */
		27D79C361AC9A86300D2315B /* Resources */ = {
			isa = PBXResourcesBuildPhase;
			buildActionMask = 2147483647;
			files = (
				27D79C471AC9A86300D2315B /* Main.storyboard in Resources */,
				27D79C4C1AC9A86300D2315B /* LaunchScreen.xib in Resources */,
				27D79C491AC9A86300D2315B /* Images.xcassets in Resources */,
			);
			runOnlyForDeploymentPostprocessing = 0;
		};
		27D79C4F1AC9A86300D2315B /* Resources */ = {
			isa = PBXResourcesBuildPhase;
			buildActionMask = 2147483647;
			files = (
			);
			runOnlyForDeploymentPostprocessing = 0;
		};
/* End PBXResourcesBuildPhase section */

/* Begin PBXShellScriptBuildPhase section */
		C31D1B23FD4145EAEF833DE8 /* Copy Pods Resources */ = {
			isa = PBXShellScriptBuildPhase;
			buildActionMask = 2147483647;
			files = (
			);
			inputPaths = (
			);
			name = "Copy Pods Resources";
			outputPaths = (
			);
			runOnlyForDeploymentPostprocessing = 0;
			shellPath = /bin/sh;
			shellScript = "\"${SRCROOT}/Pods/Target Support Files/Pods-BitRiseTest/Pods-BitRiseTest-resources.sh\"\n";
			showEnvVarsInLog = 0;
		};
		C46FFB7A710D9CE13EEF3882 /* Check Pods Manifest.lock */ = {
			isa = PBXShellScriptBuildPhase;
			buildActionMask = 2147483647;
			files = (
			);
			inputPaths = (
			);
			name = "Check Pods Manifest.lock";
			outputPaths = (
			);
			runOnlyForDeploymentPostprocessing = 0;
			shellPath = /bin/sh;
			shellScript = "diff \"${PODS_ROOT}/../Podfile.lock\" \"${PODS_ROOT}/Manifest.lock\" > /dev/null\nif [[ $? != 0 ]] ; then\n    cat << EOM\nerror: The sandbox is not in sync with the Podfile.lock. Run 'pod install' or update your CocoaPods installation.\nEOM\n    exit 1\nfi\n";
			showEnvVarsInLog = 0;
		};
/* End PBXShellScriptBuildPhase section */

/* Begin PBXSourcesBuildPhase section */
		27D79C341AC9A86300D2315B /* Sources */ = {
			isa = PBXSourcesBuildPhase;
			buildActionMask = 2147483647;
			files = (
				27D79C441AC9A86300D2315B /* ViewController.m in Sources */,
				27D79C411AC9A86300D2315B /* AppDelegate.m in Sources */,
				27D79C3E1AC9A86300D2315B /* main.m in Sources */,
			);
			runOnlyForDeploymentPostprocessing = 0;
		};
		27D79C4D1AC9A86300D2315B /* Sources */ = {
			isa = PBXSourcesBuildPhase;
			buildActionMask = 2147483647;
			files = (
				27D79C581AC9A86300D2315B /* BitRiseTestTests.m in Sources */,
			);
			runOnlyForDeploymentPostprocessing = 0;
		};
/* End PBXSourcesBuildPhase section */

/* Begin PBXTargetDependency section */
		27D79C531AC9A86300D2315B /* PBXTargetDependency */ = {
			isa = PBXTargetDependency;
			target = 27D79C371AC9A86300D2315B /* BitRiseTest */;
			targetProxy = 27D79C521AC9A86300D2315B /* PBXContainerItemProxy */;
		};
/* End PBXTargetDependency section */

/* Begin PBXVariantGroup section */
		27D79C451AC9A86300D2315B /* Main.storyboard */ = {
			isa = PBXVariantGroup;
			children = (
				27D79C461AC9A86300D2315B /* Base */,
			);
			name = Main.storyboard;
			sourceTree = "<group>";
		};
		27D79C4A1AC9A86300D2315B /* LaunchScreen.xib */ = {
			isa = PBXVariantGroup;
			children = (
				27D79C4B1AC9A86300D2315B /* Base */,
			);
			name = LaunchScreen.xib;
			sourceTree = "<group>";
		};
/* End PBXVariantGroup section */

/* Begin XCBuildConfiguration section */
		27D79C591AC9A86300D2315B /* Debug */ = {
			isa = XCBuildConfiguration;
			buildSettings = {
				ALWAYS_SEARCH_USER_PATHS = NO;
				CLANG_CXX_LANGUAGE_STANDARD = "gnu++0x";
				CLANG_CXX_LIBRARY = "libc++";
				CLANG_ENABLE_MODULES = YES;
				CLANG_ENABLE_OBJC_ARC = YES;
				CLANG_WARN_BOOL_CONVERSION = YES;
				CLANG_WARN_CONSTANT_CONVERSION = YES;
				CLANG_WARN_DIRECT_OBJC_ISA_USAGE = YES_ERROR;
				CLANG_WARN_EMPTY_BODY = YES;
				CLANG_WARN_ENUM_CONVERSION = YES;
				CLANG_WARN_INT_CONVERSION = YES;
				CLANG_WARN_OBJC_ROOT_CLASS = YES_ERROR;
				CLANG_WARN_UNREACHABLE_CODE = YES;
				CLANG_WARN__DUPLICATE_METHOD_MATCH = YES;
				"CODE_SIGN_IDENTITY[sdk=iphoneos*]" = "iPhone Developer";
				COPY_PHASE_STRIP = NO;
				ENABLE_STRICT_OBJC_MSGSEND = YES;
				GCC_C_LANGUAGE_STANDARD = gnu99;
				GCC_DYNAMIC_NO_PIC = NO;
				GCC_OPTIMIZATION_LEVEL = 0;
				GCC_PREPROCESSOR_DEFINITIONS = (
					"DEBUG=1",
					"$(inherited)",
				);
				GCC_SYMBOLS_PRIVATE_EXTERN = NO;
				GCC_WARN_64_TO_32_BIT_CONVERSION = YES;
				GCC_WARN_ABOUT_RETURN_TYPE = YES_ERROR;
				GCC_WARN_UNDECLARED_SELECTOR = YES;
				GCC_WARN_UNINITIALIZED_AUTOS = YES_AGGRESSIVE;
				GCC_WARN_UNUSED_FUNCTION = YES;
				GCC_WARN_UNUSED_VARIABLE = YES;
				IPHONEOS_DEPLOYMENT_TARGET = 8.2;
				MTL_ENABLE_DEBUG_INFO = YES;
				ONLY_ACTIVE_ARCH = YES;
				SDKROOT = iphoneos;
			};
			name = Debug;
		};
		27D79C5A1AC9A86300D2315B /* Release */ = {
			isa = XCBuildConfiguration;
			buildSettings = {
				ALWAYS_SEARCH_USER_PATHS = NO;
				CLANG_CXX_LANGUAGE_STANDARD = "gnu++0x";
				CLANG_CXX_LIBRARY = "libc++";
				CLANG_ENABLE_MODULES = YES;
				CLANG_ENABLE_OBJC_ARC = YES;
				CLANG_WARN_BOOL_CONVERSION = YES;
				CLANG_WARN_CONSTANT_CONVERSION = YES;
				CLANG_WARN_DIRECT_OBJC_ISA_USAGE = YES_ERROR;
				CLANG_WARN_EMPTY_BODY = YES;
				CLANG_WARN_ENUM_CONVERSION = YES;
				CLANG_WARN_INT_CONVERSION = YES;
				CLANG_WARN_OBJC_ROOT_CLASS = YES_ERROR;
				CLANG_WARN_UNREACHABLE_CODE = YES;
				CLANG_WARN__DUPLICATE_METHOD_MATCH = YES;
				"CODE_SIGN_IDENTITY[sdk=iphoneos*]" = "iPhone Developer";
				COPY_PHASE_STRIP = NO;
				ENABLE_NS_ASSERTIONS = NO;
				ENABLE_STRICT_OBJC_MSGSEND = YES;
				GCC_C_LANGUAGE_STANDARD = gnu99;
				GCC_WARN_64_TO_32_BIT_CONVERSION = YES;
				GCC_WARN_ABOUT_RETURN_TYPE = YES_ERROR;
				GCC_WARN_UNDECLARED_SELECTOR = YES;
				GCC_WARN_UNINITIALIZED_AUTOS = YES_AGGRESSIVE;
				GCC_WARN_UNUSED_FUNCTION = YES;
				GCC_WARN_UNUSED_VARIABLE = YES;
				IPHONEOS_DEPLOYMENT_TARGET = 8.2;
				MTL_ENABLE_DEBUG_INFO = NO;
				SDKROOT = iphoneos;
				VALIDATE_PRODUCT = YES;
			};
			name = Release;
		};
		27D79C5C1AC9A86300D2315B /* Debug */ = {
			isa = XCBuildConfiguration;
			baseConfigurationReference = 653DB1B63D9C7B29CC323268 /* Pods-BitRiseTest.debug.xcconfig */;
			buildSettings = {
				ASSETCATALOG_COMPILER_APPICON_NAME = AppIcon;
				INFOPLIST_FILE = BitRiseTest/Info.plist;
				LD_RUNPATH_SEARCH_PATHS = "$(inherited) @executable_path/Frameworks";
				PRODUCT_NAME = "$(TARGET_NAME)";
			};
			name = Debug;
		};
		27D79C5D1AC9A86300D2315B /* Release */ = {
			isa = XCBuildConfiguration;
			baseConfigurationReference = A5F49CB14153563ACEEE73B5 /* Pods-BitRiseTest.release.xcconfig */;
			buildSettings = {
				ASSETCATALOG_COMPILER_APPICON_NAME = AppIcon;
				INFOPLIST_FILE = BitRiseTest/Info.plist;
				LD_RUNPATH_SEARCH_PATHS = "$(inherited) @executable_path/Frameworks";
				PRODUCT_NAME = "$(TARGET_NAME)";
			};
			name = Release;
		};
		27D79C5F1AC9A86300D2315B /* Debug */ = {
			isa = XCBuildConfiguration;
			buildSettings = {
				BUNDLE_LOADER = "$(TEST_HOST)";
				FRAMEWORK_SEARCH_PATHS = (
					"$(SDKROOT)/Developer/Library/Frameworks",
					"$(inherited)",
				);
				GCC_PREPROCESSOR_DEFINITIONS = (
					"DEBUG=1",
					"$(inherited)",
				);
				INFOPLIST_FILE = BitRiseTestTests/Info.plist;
				LD_RUNPATH_SEARCH_PATHS = "$(inherited) @executable_path/Frameworks @loader_path/Frameworks";
				PRODUCT_NAME = "$(TARGET_NAME)";
				TEST_HOST = "$(BUILT_PRODUCTS_DIR)/BitRiseTest.app/BitRiseTest";
			};
			name = Debug;
		};
		27D79C601AC9A86300D2315B /* Release */ = {
			isa = XCBuildConfiguration;
			buildSettings = {
				BUNDLE_LOADER = "$(TEST_HOST)";
				FRAMEWORK_SEARCH_PATHS = (
					"$(SDKROOT)/Developer/Library/Frameworks",
					"$(inherited)",
				);
				INFOPLIST_FILE = BitRiseTestTests/Info.plist;
				LD_RUNPATH_SEARCH_PATHS = "$(inherited) @executable_path/Frameworks @loader_path/Frameworks";
				PRODUCT_NAME = "$(TARGET_NAME)";
				TEST_HOST = "$(BUILT_PRODUCTS_DIR)/BitRiseTest.app/BitRiseTest";
			};
			name = Release;
		};
/* End XCBuildConfiguration section */

/* Begin XCConfigurationList section */
		27D79C331AC9A86300D2315B /* Build configuration list for PBXProject "BitRiseTest" */ = {
			isa = XCConfigurationList;
			buildConfigurations = (
				27D79C591AC9A86300D2315B /* Debug */,
				27D79C5A1AC9A86300D2315B /* Release */,
			);
			defaultConfigurationIsVisible = 0;
			defaultConfigurationName = Release;
		};
		27D79C5B1AC9A86300D2315B /* Build configuration list for PBXNativeTarget "BitRiseTest" */ = {
			isa = XCConfigurationList;
			buildConfigurations = (
				27D79C5C1AC9A86300D2315B /* Debug */,
				27D79C5D1AC9A86300D2315B /* Release */,
			);
			defaultConfigurationIsVisible = 0;
			defaultConfigurationName = Release;
		};
		27D79C5E1AC9A86300D2315B /* Build configuration list for PBXNativeTarget "BitRiseTestTests" */ = {
			isa = XCConfigurationList;
			buildConfigurations = (
				27D79C5F1AC9A86300D2315B /* Debug */,
				27D79C601AC9A86300D2315B /* Release */,
			);
			defaultConfigurationIsVisible = 0;
			defaultConfigurationName = Release;
		};
/* End XCConfigurationList section */
	};
	rootObject = 27D79C301AC9A86300D2315B /* Project object */;
}
